
Microsoft Visual Studio Solution File, Format Version 12.00
# Visual Studio Version 16
VisualStudioVersion = 16.0.32002.261
MinimumVisualStudioVersion = 10.0.40219.1
Project("{FAE04EC0-301F-11D3-BF4B-00C04F79EFBC}") = "DS_Algorithm-Programs", "DS_Algorithm-Programs\DS_Algorithm-Programs.csproj", "{CDEF7501-E0D8-4BC6-A665-79A41FAD50C1}"
EndProject
Global
	GlobalSection(SolutionConfigurationPlatforms) = preSolution
		Debug|Any CPU = Debug|Any CPU
		Release|Any CPU = Release|Any CPU
	EndGlobalSection
	GlobalSection(ProjectConfigurationPlatforms) = postSolution
		{CDEF7501-E0D8-4BC6-A665-79A41FAD50C1}.Debug|Any CPU.ActiveCfg = Debug|Any CPU
		{CDEF7501-E0D8-4BC6-A665-79A41FAD50C1}.Debug|Any CPU.Build.0 = Debug|Any CPU
		{CDEF7501-E0D8-4BC6-A665-79A41FAD50C1}.Release|Any CPU.ActiveCfg = Release|Any CPU
		{CDEF7501-E0D8-4BC6-A665-79A41FAD50C1}.Release|Any CPU.Build.0 = Release|Any CPU
	EndGlobalSection
	GlobalSection(SolutionProperties) = preSolution
		HideSolutionNode = FALSE
	EndGlobalSection
	GlobalSection(ExtensibilityGlobals) = postSolution
		SolutionGuid = {76354D44-7160-4933-9163-16DB6326C313}
	EndGlobalSection
EndGlobal
